// !$*UTF8*$!
{
	archiveVersion = 1;
	classes = {
	};
	objectVersion = 50;
	objects = {

/* Begin PBXBuildFile section */
		AB4D6DB4220D9E130054F682 /* TimerLabel.swift in Sources */ = {isa = PBXBuildFile; fileRef = AB4D6DB3220D9E130054F682 /* TimerLabel.swift */; };
		AB4D6DB6220DA3360054F682 /* TimerTrackView.swift in Sources */ = {isa = PBXBuildFile; fileRef = AB4D6DB5220DA3360054F682 /* TimerTrackView.swift */; };
		B0029772220CD870009207A6 /* TimerModel.swift in Sources */ = {isa = PBXBuildFile; fileRef = B0029771220CD870009207A6 /* TimerModel.swift */; };
		B0029775220CDF15009207A6 /* TimerViewController.swift in Sources */ = {isa = PBXBuildFile; fileRef = B0029774220CDF15009207A6 /* TimerViewController.swift */; };
		B0479A4521DE4D5500AC09A7 /* AppDelegate.swift in Sources */ = {isa = PBXBuildFile; fileRef = B0479A4421DE4D5500AC09A7 /* AppDelegate.swift */; };
		B0479A5B21DE539B00AC09A7 /* ExerciseCollectionViewCell.swift in Sources */ = {isa = PBXBuildFile; fileRef = B0479A5A21DE539B00AC09A7 /* ExerciseCollectionViewCell.swift */; };
		B0479A5D21DE553600AC09A7 /* ExerciseCell.swift in Sources */ = {isa = PBXBuildFile; fileRef = B0479A5C21DE553600AC09A7 /* ExerciseCell.swift */; };
		B0479A6421DEAE7100AC09A7 /* Extetions +UIView.swift in Sources */ = {isa = PBXBuildFile; fileRef = B0479A6321DEAE7100AC09A7 /* Extetions +UIView.swift */; };
		B0479A7021E282DC00AC09A7 /* Item.swift in Sources */ = {isa = PBXBuildFile; fileRef = B0479A6F21E282DC00AC09A7 /* Item.swift */; };
		B0479A7221E3485C00AC09A7 /* AddNewExCollectionViewController.swift in Sources */ = {isa = PBXBuildFile; fileRef = B0479A7121E3485C00AC09A7 /* AddNewExCollectionViewController.swift */; };
		B0479A7421E34BD900AC09A7 /* AddNewExCollectionViewCell.swift in Sources */ = {isa = PBXBuildFile; fileRef = B0479A7321E34BD900AC09A7 /* AddNewExCollectionViewCell.swift */; };
		B0479A7621E36C5700AC09A7 /* InfoViewController.swift in Sources */ = {isa = PBXBuildFile; fileRef = B0479A7521E36C5700AC09A7 /* InfoViewController.swift */; };
		B0479A7A21E61CFA00AC09A7 /* excercises.json in Resources */ = {isa = PBXBuildFile; fileRef = B0479A7921E61CFA00AC09A7 /* excercises.json */; };
		B0479A7C21E61DBC00AC09A7 /* LocalJson.swift in Sources */ = {isa = PBXBuildFile; fileRef = B0479A7B21E61DBC00AC09A7 /* LocalJson.swift */; };
		B0479A8421EDE4C200AC09A7 /* Item.xcdatamodeld in Sources */ = {isa = PBXBuildFile; fileRef = B0479A8221EDE4C100AC09A7 /* Item.xcdatamodeld */; };
		B0479A8C21F3142300AC09A7 /* DetailsViewController.swift in Sources */ = {isa = PBXBuildFile; fileRef = B0479A8B21F3142300AC09A7 /* DetailsViewController.swift */; };
		B0479A9221F33C8000AC09A7 /* DetailTableViewCell.swift in Sources */ = {isa = PBXBuildFile; fileRef = B0479A9121F33C8000AC09A7 /* DetailTableViewCell.swift */; };
		B0479A9421F3B7B900AC09A7 /* CustomExerciseViewController.swift in Sources */ = {isa = PBXBuildFile; fileRef = B0479A9321F3B7B900AC09A7 /* CustomExerciseViewController.swift */; };
		B04EF6682208EE5A00BE2C67 /* LineView.swift in Sources */ = {isa = PBXBuildFile; fileRef = B04EF6672208EE5A00BE2C67 /* LineView.swift */; };
		B04EF66C220A460C00BE2C67 /* CoreDataStack.swift in Sources */ = {isa = PBXBuildFile; fileRef = B04EF66B220A460C00BE2C67 /* CoreDataStack.swift */; };
		B0CB148D22145B300057E5DD /* TimerView.swift in Sources */ = {isa = PBXBuildFile; fileRef = B0CB148C22145B300057E5DD /* TimerView.swift */; };
		B0CB148F22145FF80057E5DD /* TimerStatusTitlesLabel.swift in Sources */ = {isa = PBXBuildFile; fileRef = B0CB148E22145FF80057E5DD /* TimerStatusTitlesLabel.swift */; };
		B0CB1491221465B90057E5DD /* TimerStatusValuesLabel.swift in Sources */ = {isa = PBXBuildFile; fileRef = B0CB1490221465B90057E5DD /* TimerStatusValuesLabel.swift */; };
		B0CB1493221481880057E5DD /* TimerButton.swift in Sources */ = {isa = PBXBuildFile; fileRef = B0CB1492221481880057E5DD /* TimerButton.swift */; };
		B0CB14962214ACEA0057E5DD /* Assets.xcassets in Resources */ = {isa = PBXBuildFile; fileRef = B0CB14952214ACEA0057E5DD /* Assets.xcassets */; };
		B0CB149F2214C4A30057E5DD /* LaunchScreen.storyboard in Resources */ = {isa = PBXBuildFile; fileRef = B0CB149E2214C4A30057E5DD /* LaunchScreen.storyboard */; };
		B0CDE8DA220437BC008DBB85 /* MainCollectionViewController.swift in Sources */ = {isa = PBXBuildFile; fileRef = B0CDE8D9220437BC008DBB85 /* MainCollectionViewController.swift */; };
		B0CDE90522044B59008DBB85 /* Workouts+CoreDataClass.swift in Sources */ = {isa = PBXBuildFile; fileRef = B0CDE8FF22044B59008DBB85 /* Workouts+CoreDataClass.swift */; };
		B0CDE90622044B59008DBB85 /* Workouts+CoreDataProperties.swift in Sources */ = {isa = PBXBuildFile; fileRef = B0CDE90022044B59008DBB85 /* Workouts+CoreDataProperties.swift */; };
		B0CDE90722044B59008DBB85 /* Sets+CoreDataClass.swift in Sources */ = {isa = PBXBuildFile; fileRef = B0CDE90122044B59008DBB85 /* Sets+CoreDataClass.swift */; };
		B0CDE90822044B59008DBB85 /* Sets+CoreDataProperties.swift in Sources */ = {isa = PBXBuildFile; fileRef = B0CDE90222044B59008DBB85 /* Sets+CoreDataProperties.swift */; };
		B0CDE90922044B59008DBB85 /* Item+CoreDataClass.swift in Sources */ = {isa = PBXBuildFile; fileRef = B0CDE90322044B59008DBB85 /* Item+CoreDataClass.swift */; };
		B0CDE90A22044B59008DBB85 /* Item+CoreDataProperties.swift in Sources */ = {isa = PBXBuildFile; fileRef = B0CDE90422044B59008DBB85 /* Item+CoreDataProperties.swift */; };
		B0F3985A21F651DB00A74F4F /* SectionHeader.swift in Sources */ = {isa = PBXBuildFile; fileRef = B0F3985921F651DB00A74F4F /* SectionHeader.swift */; };
		B0FBC4FC21FA0A26000F0EBD /* CustomDropButton.swift in Sources */ = {isa = PBXBuildFile; fileRef = B0FBC4FB21FA0A26000F0EBD /* CustomDropButton.swift */; };
/* End PBXBuildFile section */

/* Begin PBXFileReference section */
		AB4D6DB3220D9E130054F682 /* TimerLabel.swift */ = {isa = PBXFileReference; lastKnownFileType = sourcecode.swift; path = TimerLabel.swift; sourceTree = "<group>"; };
		AB4D6DB5220DA3360054F682 /* TimerTrackView.swift */ = {isa = PBXFileReference; lastKnownFileType = sourcecode.swift; path = TimerTrackView.swift; sourceTree = "<group>"; };
		B0029771220CD870009207A6 /* TimerModel.swift */ = {isa = PBXFileReference; lastKnownFileType = sourcecode.swift; path = TimerModel.swift; sourceTree = "<group>"; };
		B0029774220CDF15009207A6 /* TimerViewController.swift */ = {isa = PBXFileReference; lastKnownFileType = sourcecode.swift; path = TimerViewController.swift; sourceTree = "<group>"; };
		B0479A4121DE4D5500AC09A7 /* workingOutApp.app */ = {isa = PBXFileReference; explicitFileType = wrapper.application; includeInIndex = 0; path = workingOutApp.app; sourceTree = BUILT_PRODUCTS_DIR; };
		B0479A4421DE4D5500AC09A7 /* AppDelegate.swift */ = {isa = PBXFileReference; lastKnownFileType = sourcecode.swift; path = AppDelegate.swift; sourceTree = "<group>"; };
		B0479A5A21DE539B00AC09A7 /* ExerciseCollectionViewCell.swift */ = {isa = PBXFileReference; lastKnownFileType = sourcecode.swift; path = ExerciseCollectionViewCell.swift; sourceTree = "<group>"; };
		B0479A5C21DE553600AC09A7 /* ExerciseCell.swift */ = {isa = PBXFileReference; lastKnownFileType = sourcecode.swift; path = ExerciseCell.swift; sourceTree = "<group>"; };
		B0479A6321DEAE7100AC09A7 /* Extetions +UIView.swift */ = {isa = PBXFileReference; lastKnownFileType = sourcecode.swift; path = "Extetions +UIView.swift"; sourceTree = "<group>"; };
		B0479A6F21E282DC00AC09A7 /* Item.swift */ = {isa = PBXFileReference; lastKnownFileType = sourcecode.swift; path = Item.swift; sourceTree = "<group>"; };
		B0479A7121E3485C00AC09A7 /* AddNewExCollectionViewController.swift */ = {isa = PBXFileReference; lastKnownFileType = sourcecode.swift; path = AddNewExCollectionViewController.swift; sourceTree = "<group>"; };
		B0479A7321E34BD900AC09A7 /* AddNewExCollectionViewCell.swift */ = {isa = PBXFileReference; lastKnownFileType = sourcecode.swift; path = AddNewExCollectionViewCell.swift; sourceTree = "<group>"; };
		B0479A7521E36C5700AC09A7 /* InfoViewController.swift */ = {isa = PBXFileReference; lastKnownFileType = sourcecode.swift; path = InfoViewController.swift; sourceTree = "<group>"; };
		B0479A7921E61CFA00AC09A7 /* excercises.json */ = {isa = PBXFileReference; fileEncoding = 4; lastKnownFileType = text.json; name = excercises.json; path = workingOutApp/tools/excercises.json; sourceTree = SOURCE_ROOT; };
		B0479A7B21E61DBC00AC09A7 /* LocalJson.swift */ = {isa = PBXFileReference; lastKnownFileType = sourcecode.swift; path = LocalJson.swift; sourceTree = "<group>"; };
		B0479A7D21E6978700AC09A7 /* Info.plist */ = {isa = PBXFileReference; fileEncoding = 4; lastKnownFileType = text.plist.xml; path = Info.plist; sourceTree = "<group>"; };
		B0479A8321EDE4C200AC09A7 /* Item.xcdatamodel */ = {isa = PBXFileReference; lastKnownFileType = wrapper.xcdatamodel; path = Item.xcdatamodel; sourceTree = "<group>"; };
		B0479A8B21F3142300AC09A7 /* DetailsViewController.swift */ = {isa = PBXFileReference; lastKnownFileType = sourcecode.swift; path = DetailsViewController.swift; sourceTree = "<group>"; };
		B0479A9121F33C8000AC09A7 /* DetailTableViewCell.swift */ = {isa = PBXFileReference; lastKnownFileType = sourcecode.swift; path = DetailTableViewCell.swift; sourceTree = "<group>"; };
		B0479A9321F3B7B900AC09A7 /* CustomExerciseViewController.swift */ = {isa = PBXFileReference; lastKnownFileType = sourcecode.swift; path = CustomExerciseViewController.swift; sourceTree = "<group>"; };
		B04EF6672208EE5A00BE2C67 /* LineView.swift */ = {isa = PBXFileReference; lastKnownFileType = sourcecode.swift; path = LineView.swift; sourceTree = "<group>"; };
		B04EF66B220A460C00BE2C67 /* CoreDataStack.swift */ = {isa = PBXFileReference; lastKnownFileType = sourcecode.swift; path = CoreDataStack.swift; sourceTree = "<group>"; };
		B0CB148C22145B300057E5DD /* TimerView.swift */ = {isa = PBXFileReference; lastKnownFileType = sourcecode.swift; path = TimerView.swift; sourceTree = "<group>"; };
		B0CB148E22145FF80057E5DD /* TimerStatusTitlesLabel.swift */ = {isa = PBXFileReference; lastKnownFileType = sourcecode.swift; path = TimerStatusTitlesLabel.swift; sourceTree = "<group>"; };
		B0CB1490221465B90057E5DD /* TimerStatusValuesLabel.swift */ = {isa = PBXFileReference; lastKnownFileType = sourcecode.swift; path = TimerStatusValuesLabel.swift; sourceTree = "<group>"; };
		B0CB1492221481880057E5DD /* TimerButton.swift */ = {isa = PBXFileReference; lastKnownFileType = sourcecode.swift; path = TimerButton.swift; sourceTree = "<group>"; };
		B0CB14952214ACEA0057E5DD /* Assets.xcassets */ = {isa = PBXFileReference; lastKnownFileType = folder.assetcatalog; name = Assets.xcassets; path = workingOutApp/Assets.xcassets; sourceTree = SOURCE_ROOT; };
		B0CB149E2214C4A30057E5DD /* LaunchScreen.storyboard */ = {isa = PBXFileReference; fileEncoding = 4; lastKnownFileType = file.storyboard; path = LaunchScreen.storyboard; sourceTree = "<group>"; };
		B0CDE8D9220437BC008DBB85 /* MainCollectionViewController.swift */ = {isa = PBXFileReference; lastKnownFileType = sourcecode.swift; path = MainCollectionViewController.swift; sourceTree = "<group>"; };
		B0CDE8FF22044B59008DBB85 /* Workouts+CoreDataClass.swift */ = {isa = PBXFileReference; lastKnownFileType = sourcecode.swift; path = "Workouts+CoreDataClass.swift"; sourceTree = "<group>"; };
		B0CDE90022044B59008DBB85 /* Workouts+CoreDataProperties.swift */ = {isa = PBXFileReference; lastKnownFileType = sourcecode.swift; path = "Workouts+CoreDataProperties.swift"; sourceTree = "<group>"; };
		B0CDE90122044B59008DBB85 /* Sets+CoreDataClass.swift */ = {isa = PBXFileReference; lastKnownFileType = sourcecode.swift; path = "Sets+CoreDataClass.swift"; sourceTree = "<group>"; };
		B0CDE90222044B59008DBB85 /* Sets+CoreDataProperties.swift */ = {isa = PBXFileReference; lastKnownFileType = sourcecode.swift; path = "Sets+CoreDataProperties.swift"; sourceTree = "<group>"; };
		B0CDE90322044B59008DBB85 /* Item+CoreDataClass.swift */ = {isa = PBXFileReference; lastKnownFileType = sourcecode.swift; path = "Item+CoreDataClass.swift"; sourceTree = "<group>"; };
		B0CDE90422044B59008DBB85 /* Item+CoreDataProperties.swift */ = {isa = PBXFileReference; lastKnownFileType = sourcecode.swift; path = "Item+CoreDataProperties.swift"; sourceTree = "<group>"; };
		B0F3985921F651DB00A74F4F /* SectionHeader.swift */ = {isa = PBXFileReference; lastKnownFileType = sourcecode.swift; path = SectionHeader.swift; sourceTree = "<group>"; };
		B0FBC4FB21FA0A26000F0EBD /* CustomDropButton.swift */ = {isa = PBXFileReference; lastKnownFileType = sourcecode.swift; path = CustomDropButton.swift; sourceTree = "<group>"; };
/* End PBXFileReference section */

/* Begin PBXFrameworksBuildPhase section */
		B0479A3E21DE4D5500AC09A7 /* Frameworks */ = {
			isa = PBXFrameworksBuildPhase;
			buildActionMask = 2147483647;
			files = (
			);
			runOnlyForDeploymentPostprocessing = 0;
		};
/* End PBXFrameworksBuildPhase section */

/* Begin PBXGroup section */
		B0029777220DDC61009207A6 /* Timer Screen */ = {
			isa = PBXGroup;
			children = (
				B0029774220CDF15009207A6 /* TimerViewController.swift */,
				B0029771220CD870009207A6 /* TimerModel.swift */,
				B0CB148C22145B300057E5DD /* TimerView.swift */,
				B0CB14942214A9A10057E5DD /* TimerViews */,
			);
			path = "Timer Screen";
			sourceTree = "<group>";
		};
		B0479A3821DE4D5500AC09A7 = {
			isa = PBXGroup;
			children = (
				B0479A4321DE4D5500AC09A7 /* workingOutApp */,
				B0479A4221DE4D5500AC09A7 /* Products */,
			);
			sourceTree = "<group>";
		};
		B0479A4221DE4D5500AC09A7 /* Products */ = {
			isa = PBXGroup;
			children = (
				B0479A4121DE4D5500AC09A7 /* workingOutApp.app */,
			);
			name = Products;
			sourceTree = "<group>";
		};
		B0479A4321DE4D5500AC09A7 /* workingOutApp */ = {
			isa = PBXGroup;
			children = (
				B0479A4421DE4D5500AC09A7 /* AppDelegate.swift */,
				B0479A7D21E6978700AC09A7 /* Info.plist */,
				B0CB149D2214C3E10057E5DD /* Screens */,
				B0479A6721E0A42900AC09A7 /* Models */,
				B0479A5E21DE555900AC09A7 /* tools */,
			);
			path = workingOutApp;
			sourceTree = "<group>";
		};
		B0479A5E21DE555900AC09A7 /* tools */ = {
			isa = PBXGroup;
			children = (
				B0CB14952214ACEA0057E5DD /* Assets.xcassets */,
				B0CB149E2214C4A30057E5DD /* LaunchScreen.storyboard */,
				B0479A6321DEAE7100AC09A7 /* Extetions +UIView.swift */,
				B0479A7921E61CFA00AC09A7 /* excercises.json */,
			);
			path = tools;
			sourceTree = "<group>";
		};
		B0479A6721E0A42900AC09A7 /* Models */ = {
			isa = PBXGroup;
			children = (
				B0CDE8FF22044B59008DBB85 /* Workouts+CoreDataClass.swift */,
				B0CDE90022044B59008DBB85 /* Workouts+CoreDataProperties.swift */,
				B0CDE90122044B59008DBB85 /* Sets+CoreDataClass.swift */,
				B0CDE90222044B59008DBB85 /* Sets+CoreDataProperties.swift */,
				B0CDE90322044B59008DBB85 /* Item+CoreDataClass.swift */,
				B0CDE90422044B59008DBB85 /* Item+CoreDataProperties.swift */,
				B0479A6F21E282DC00AC09A7 /* Item.swift */,
				B0479A7B21E61DBC00AC09A7 /* LocalJson.swift */,
				B0479A8221EDE4C100AC09A7 /* Item.xcdatamodeld */,
				B04EF66B220A460C00BE2C67 /* CoreDataStack.swift */,
			);
			path = Models;
			sourceTree = "<group>";
		};
		B0CB14942214A9A10057E5DD /* TimerViews */ = {
			isa = PBXGroup;
			children = (
				AB4D6DB5220DA3360054F682 /* TimerTrackView.swift */,
				AB4D6DB3220D9E130054F682 /* TimerLabel.swift */,
				B0CB148E22145FF80057E5DD /* TimerStatusTitlesLabel.swift */,
				B0CB1490221465B90057E5DD /* TimerStatusValuesLabel.swift */,
				B0CB1492221481880057E5DD /* TimerButton.swift */,
			);
			path = TimerViews;
			sourceTree = "<group>";
		};
		B0CB14972214BF420057E5DD /* Main */ = {
			isa = PBXGroup;
			children = (
				B0CDE8D9220437BC008DBB85 /* MainCollectionViewController.swift */,
				B0479A5A21DE539B00AC09A7 /* ExerciseCollectionViewCell.swift */,
				B0479A5C21DE553600AC09A7 /* ExerciseCell.swift */,
			);
			path = Main;
			sourceTree = "<group>";
		};
		B0CB14992214C2400057E5DD /* SetsScreen */ = {
			isa = PBXGroup;
			children = (
				B04EF6672208EE5A00BE2C67 /* LineView.swift */,
				B0479A8B21F3142300AC09A7 /* DetailsViewController.swift */,
				B0479A9121F33C8000AC09A7 /* DetailTableViewCell.swift */,
			);
			path = SetsScreen;
			sourceTree = "<group>";
		};
		B0CB149A2214C28F0057E5DD /* AddExerciseScreen */ = {
			isa = PBXGroup;
			children = (
				B0479A7121E3485C00AC09A7 /* AddNewExCollectionViewController.swift */,
				B0479A7321E34BD900AC09A7 /* AddNewExCollectionViewCell.swift */,
				B0F3985921F651DB00A74F4F /* SectionHeader.swift */,
			);
			path = AddExerciseScreen;
			sourceTree = "<group>";
		};
		B0CB149B2214C2DE0057E5DD /* CreateExerciseScreen */ = {
			isa = PBXGroup;
			children = (
				B0479A9321F3B7B900AC09A7 /* CustomExerciseViewController.swift */,
				B0FBC4FB21FA0A26000F0EBD /* CustomDropButton.swift */,
			);
			path = CreateExerciseScreen;
			sourceTree = "<group>";
		};
		B0CB149C2214C3530057E5DD /* InformationExerciseScreen */ = {
			isa = PBXGroup;
			children = (
				B0479A7521E36C5700AC09A7 /* InfoViewController.swift */,
			);
			path = InformationExerciseScreen;
			sourceTree = "<group>";
		};
		B0CB149D2214C3E10057E5DD /* Screens */ = {
			isa = PBXGroup;
			children = (
				B0CB14972214BF420057E5DD /* Main */,
				B0CB14992214C2400057E5DD /* SetsScreen */,
				B0CB149A2214C28F0057E5DD /* AddExerciseScreen */,
				B0CB149B2214C2DE0057E5DD /* CreateExerciseScreen */,
				B0CB149C2214C3530057E5DD /* InformationExerciseScreen */,
				B0029777220DDC61009207A6 /* Timer Screen */,
			);
			path = Screens;
			sourceTree = "<group>";
		};
/* End PBXGroup section */

/* Begin PBXNativeTarget section */
		B0479A4021DE4D5500AC09A7 /* workingOutApp */ = {
			isa = PBXNativeTarget;
			buildConfigurationList = B0479A5321DE4D5800AC09A7 /* Build configuration list for PBXNativeTarget "workingOutApp" */;
			buildPhases = (
				B0479A3D21DE4D5500AC09A7 /* Sources */,
				B0479A3E21DE4D5500AC09A7 /* Frameworks */,
				B0479A3F21DE4D5500AC09A7 /* Resources */,
			);
			buildRules = (
			);
			dependencies = (
			);
			name = workingOutApp;
			productName = workingOutApp;
			productReference = B0479A4121DE4D5500AC09A7 /* workingOutApp.app */;
			productType = "com.apple.product-type.application";
		};
/* End PBXNativeTarget section */

/* Begin PBXProject section */
		B0479A3921DE4D5500AC09A7 /* Project object */ = {
			isa = PBXProject;
			attributes = {
				LastSwiftUpdateCheck = 1010;
				LastUpgradeCheck = 1010;
				ORGANIZATIONNAME = "Rusłan Chamski";
				TargetAttributes = {
					B0479A4021DE4D5500AC09A7 = {
						CreatedOnToolsVersion = 10.1;
						SystemCapabilities = {
							com.apple.BackgroundModes = {
								enabled = 1;
							};
						};
					};
				};
			};
			buildConfigurationList = B0479A3C21DE4D5500AC09A7 /* Build configuration list for PBXProject "workingOutApp" */;
			compatibilityVersion = "Xcode 9.3";
			developmentRegion = en;
			hasScannedForEncodings = 0;
			knownRegions = (
				en,
				Base,
			);
			mainGroup = B0479A3821DE4D5500AC09A7;
			productRefGroup = B0479A4221DE4D5500AC09A7 /* Products */;
			projectDirPath = "";
			projectRoot = "";
			targets = (
				B0479A4021DE4D5500AC09A7 /* workingOutApp */,
			);
		};
/* End PBXProject section */

/* Begin PBXResourcesBuildPhase section */
		B0479A3F21DE4D5500AC09A7 /* Resources */ = {
			isa = PBXResourcesBuildPhase;
			buildActionMask = 2147483647;
			files = (
				B0CB149F2214C4A30057E5DD /* LaunchScreen.storyboard in Resources */,
				B0CB14962214ACEA0057E5DD /* Assets.xcassets in Resources */,
				B0479A7A21E61CFA00AC09A7 /* excercises.json in Resources */,
			);
			runOnlyForDeploymentPostprocessing = 0;
		};
/* End PBXResourcesBuildPhase section */

/* Begin PBXSourcesBuildPhase section */
		B0479A3D21DE4D5500AC09A7 /* Sources */ = {
			isa = PBXSourcesBuildPhase;
			buildActionMask = 2147483647;
			files = (
				AB4D6DB6220DA3360054F682 /* TimerTrackView.swift in Sources */,
				B0479A7421E34BD900AC09A7 /* AddNewExCollectionViewCell.swift in Sources */,
				B0CB1491221465B90057E5DD /* TimerStatusValuesLabel.swift in Sources */,
				B0479A7621E36C5700AC09A7 /* InfoViewController.swift in Sources */,
				B0CDE90722044B59008DBB85 /* Sets+CoreDataClass.swift in Sources */,
				B0CB148F22145FF80057E5DD /* TimerStatusTitlesLabel.swift in Sources */,
				B0479A4521DE4D5500AC09A7 /* AppDelegate.swift in Sources */,
				B0479A5D21DE553600AC09A7 /* ExerciseCell.swift in Sources */,
				B0CB148D22145B300057E5DD /* TimerView.swift in Sources */,
				B0F3985A21F651DB00A74F4F /* SectionHeader.swift in Sources */,
				B0CDE90622044B59008DBB85 /* Workouts+CoreDataProperties.swift in Sources */,
				B04EF66C220A460C00BE2C67 /* CoreDataStack.swift in Sources */,
				B0479A7C21E61DBC00AC09A7 /* LocalJson.swift in Sources */,
				AB4D6DB4220D9E130054F682 /* TimerLabel.swift in Sources */,
				B0CDE90822044B59008DBB85 /* Sets+CoreDataProperties.swift in Sources */,
				B0CDE90522044B59008DBB85 /* Workouts+CoreDataClass.swift in Sources */,
				B0CB1493221481880057E5DD /* TimerButton.swift in Sources */,
				B0479A8421EDE4C200AC09A7 /* Item.xcdatamodeld in Sources */,
				B0479A8C21F3142300AC09A7 /* DetailsViewController.swift in Sources */,
				B0CDE8DA220437BC008DBB85 /* MainCollectionViewController.swift in Sources */,
				B0FBC4FC21FA0A26000F0EBD /* CustomDropButton.swift in Sources */,
				B0479A7021E282DC00AC09A7 /* Item.swift in Sources */,
				B0CDE90A22044B59008DBB85 /* Item+CoreDataProperties.swift in Sources */,
				B0479A9421F3B7B900AC09A7 /* CustomExerciseViewController.swift in Sources */,
				B0479A7221E3485C00AC09A7 /* AddNewExCollectionViewController.swift in Sources */,
				B0CDE90922044B59008DBB85 /* Item+CoreDataClass.swift in Sources */,
				B0479A5B21DE539B00AC09A7 /* ExerciseCollectionViewCell.swift in Sources */,
				B04EF6682208EE5A00BE2C67 /* LineView.swift in Sources */,
				B0029772220CD870009207A6 /* TimerModel.swift in Sources */,
				B0479A9221F33C8000AC09A7 /* DetailTableViewCell.swift in Sources */,
				B0479A6421DEAE7100AC09A7 /* Extetions +UIView.swift in Sources */,
				B0029775220CDF15009207A6 /* TimerViewController.swift in Sources */,
			);
			runOnlyForDeploymentPostprocessing = 0;
		};
/* End PBXSourcesBuildPhase section */

/* Begin XCBuildConfiguration section */
		B0479A5121DE4D5800AC09A7 /* Debug */ = {
			isa = XCBuildConfiguration;
			buildSettings = {
				ALWAYS_SEARCH_USER_PATHS = NO;
				CLANG_ANALYZER_NONNULL = YES;
				CLANG_ANALYZER_NUMBER_OBJECT_CONVERSION = YES_AGGRESSIVE;
				CLANG_CXX_LANGUAGE_STANDARD = "gnu++14";
				CLANG_CXX_LIBRARY = "libc++";
				CLANG_ENABLE_MODULES = YES;
				CLANG_ENABLE_OBJC_ARC = YES;
				CLANG_ENABLE_OBJC_WEAK = YES;
				CLANG_WARN_BLOCK_CAPTURE_AUTORELEASING = YES;
				CLANG_WARN_BOOL_CONVERSION = YES;
				CLANG_WARN_COMMA = YES;
				CLANG_WARN_CONSTANT_CONVERSION = YES;
				CLANG_WARN_DEPRECATED_OBJC_IMPLEMENTATIONS = YES;
				CLANG_WARN_DIRECT_OBJC_ISA_USAGE = YES_ERROR;
				CLANG_WARN_DOCUMENTATION_COMMENTS = YES;
				CLANG_WARN_EMPTY_BODY = YES;
				CLANG_WARN_ENUM_CONVERSION = YES;
				CLANG_WARN_INFINITE_RECURSION = YES;
				CLANG_WARN_INT_CONVERSION = YES;
				CLANG_WARN_NON_LITERAL_NULL_CONVERSION = YES;
				CLANG_WARN_OBJC_IMPLICIT_RETAIN_SELF = YES;
				CLANG_WARN_OBJC_LITERAL_CONVERSION = YES;
				CLANG_WARN_OBJC_ROOT_CLASS = YES_ERROR;
				CLANG_WARN_RANGE_LOOP_ANALYSIS = YES;
				CLANG_WARN_STRICT_PROTOTYPES = YES;
				CLANG_WARN_SUSPICIOUS_MOVE = YES;
				CLANG_WARN_UNGUARDED_AVAILABILITY = YES_AGGRESSIVE;
				CLANG_WARN_UNREACHABLE_CODE = YES;
				CLANG_WARN__DUPLICATE_METHOD_MATCH = YES;
				CODE_SIGN_IDENTITY = "iPhone Developer";
				COPY_PHASE_STRIP = NO;
				DEBUG_INFORMATION_FORMAT = dwarf;
				ENABLE_STRICT_OBJC_MSGSEND = YES;
				ENABLE_TESTABILITY = YES;
				GCC_C_LANGUAGE_STANDARD = gnu11;
				GCC_DYNAMIC_NO_PIC = NO;
				GCC_NO_COMMON_BLOCKS = YES;
				GCC_OPTIMIZATION_LEVEL = 0;
				GCC_PREPROCESSOR_DEFINITIONS = (
					"DEBUG=1",
					"$(inherited)",
				);
				GCC_WARN_64_TO_32_BIT_CONVERSION = YES;
				GCC_WARN_ABOUT_RETURN_TYPE = YES_ERROR;
				GCC_WARN_UNDECLARED_SELECTOR = YES;
				GCC_WARN_UNINITIALIZED_AUTOS = YES_AGGRESSIVE;
				GCC_WARN_UNUSED_FUNCTION = YES;
				GCC_WARN_UNUSED_VARIABLE = YES;
				IPHONEOS_DEPLOYMENT_TARGET = 12.1;
				MTL_ENABLE_DEBUG_INFO = INCLUDE_SOURCE;
				MTL_FAST_MATH = YES;
				ONLY_ACTIVE_ARCH = YES;
				SDKROOT = iphoneos;
				SWIFT_ACTIVE_COMPILATION_CONDITIONS = DEBUG;
				SWIFT_OPTIMIZATION_LEVEL = "-Onone";
			};
			name = Debug;
		};
		B0479A5221DE4D5800AC09A7 /* Release */ = {
			isa = XCBuildConfiguration;
			buildSettings = {
				ALWAYS_SEARCH_USER_PATHS = NO;
				CLANG_ANALYZER_NONNULL = YES;
				CLANG_ANALYZER_NUMBER_OBJECT_CONVERSION = YES_AGGRESSIVE;
				CLANG_CXX_LANGUAGE_STANDARD = "gnu++14";
				CLANG_CXX_LIBRARY = "libc++";
				CLANG_ENABLE_MODULES = YES;
				CLANG_ENABLE_OBJC_ARC = YES;
				CLANG_ENABLE_OBJC_WEAK = YES;
				CLANG_WARN_BLOCK_CAPTURE_AUTORELEASING = YES;
				CLANG_WARN_BOOL_CONVERSION = YES;
				CLANG_WARN_COMMA = YES;
				CLANG_WARN_CONSTANT_CONVERSION = YES;
				CLANG_WARN_DEPRECATED_OBJC_IMPLEMENTATIONS = YES;
				CLANG_WARN_DIRECT_OBJC_ISA_USAGE = YES_ERROR;
				CLANG_WARN_DOCUMENTATION_COMMENTS = YES;
				CLANG_WARN_EMPTY_BODY = YES;
				CLANG_WARN_ENUM_CONVERSION = YES;
				CLANG_WARN_INFINITE_RECURSION = YES;
				CLANG_WARN_INT_CONVERSION = YES;
				CLANG_WARN_NON_LITERAL_NULL_CONVERSION = YES;
				CLANG_WARN_OBJC_IMPLICIT_RETAIN_SELF = YES;
				CLANG_WARN_OBJC_LITERAL_CONVERSION = YES;
				CLANG_WARN_OBJC_ROOT_CLASS = YES_ERROR;
				CLANG_WARN_RANGE_LOOP_ANALYSIS = YES;
				CLANG_WARN_STRICT_PROTOTYPES = YES;
				CLANG_WARN_SUSPICIOUS_MOVE = YES;
				CLANG_WARN_UNGUARDED_AVAILABILITY = YES_AGGRESSIVE;
				CLANG_WARN_UNREACHABLE_CODE = YES;
				CLANG_WARN__DUPLICATE_METHOD_MATCH = YES;
				CODE_SIGN_IDENTITY = "iPhone Developer";
				COPY_PHASE_STRIP = NO;
				DEBUG_INFORMATION_FORMAT = "dwarf-with-dsym";
				ENABLE_NS_ASSERTIONS = NO;
				ENABLE_STRICT_OBJC_MSGSEND = YES;
				GCC_C_LANGUAGE_STANDARD = gnu11;
				GCC_NO_COMMON_BLOCKS = YES;
				GCC_WARN_64_TO_32_BIT_CONVERSION = YES;
				GCC_WARN_ABOUT_RETURN_TYPE = YES_ERROR;
				GCC_WARN_UNDECLARED_SELECTOR = YES;
				GCC_WARN_UNINITIALIZED_AUTOS = YES_AGGRESSIVE;
				GCC_WARN_UNUSED_FUNCTION = YES;
				GCC_WARN_UNUSED_VARIABLE = YES;
				IPHONEOS_DEPLOYMENT_TARGET = 12.1;
				MTL_ENABLE_DEBUG_INFO = NO;
				MTL_FAST_MATH = YES;
				SDKROOT = iphoneos;
				SWIFT_COMPILATION_MODE = wholemodule;
				SWIFT_OPTIMIZATION_LEVEL = "-O";
				VALIDATE_PRODUCT = YES;
			};
			name = Release;
		};
		B0479A5421DE4D5800AC09A7 /* Debug */ = {
			isa = XCBuildConfiguration;
			buildSettings = {
				ASSETCATALOG_COMPILER_APPICON_NAME = AppIcon;
				CODE_SIGN_STYLE = Automatic;
				DEVELOPMENT_TEAM = LW7SUQMXTU;
				INFOPLIST_FILE = "$(SRCROOT)/workingOutApp/Info.plist";
				LD_RUNPATH_SEARCH_PATHS = (
					"$(inherited)",
					"@executable_path/Frameworks",
				);
				PRODUCT_BUNDLE_IDENTIFIER = com.quest.xamchuk.workingOutApp;
				PRODUCT_NAME = "$(TARGET_NAME)";
				SWIFT_VERSION = 4.2;
				TARGETED_DEVICE_FAMILY = "1,2";
			};
			name = Debug;
		};
		B0479A5521DE4D5800AC09A7 /* Release */ = {
			isa = XCBuildConfiguration;
			buildSettings = {
				ASSETCATALOG_COMPILER_APPICON_NAME = AppIcon;
				CODE_SIGN_STYLE = Automatic;
				DEVELOPMENT_TEAM = LW7SUQMXTU;
				INFOPLIST_FILE = "$(SRCROOT)/workingOutApp/Info.plist";
				LD_RUNPATH_SEARCH_PATHS = (
					"$(inherited)",
					"@executable_path/Frameworks",
				);
				PRODUCT_BUNDLE_IDENTIFIER = com.quest.xamchuk.workingOutApp;
				PRODUCT_NAME = "$(TARGET_NAME)";
				SWIFT_VERSION = 4.2;
				TARGETED_DEVICE_FAMILY = "1,2";
			};
			name = Release;
		};
/* End XCBuildConfiguration section */

/* Begin XCConfigurationList section */
		B0479A3C21DE4D5500AC09A7 /* Build configuration list for PBXProject "workingOutApp" */ = {
			isa = XCConfigurationList;
			buildConfigurations = (
				B0479A5121DE4D5800AC09A7 /* Debug */,
				B0479A5221DE4D5800AC09A7 /* Release */,
			);
			defaultConfigurationIsVisible = 0;
			defaultConfigurationName = Release;
		};
		B0479A5321DE4D5800AC09A7 /* Build configuration list for PBXNativeTarget "workingOutApp" */ = {
			isa = XCConfigurationList;
			buildConfigurations = (
				B0479A5421DE4D5800AC09A7 /* Debug */,
				B0479A5521DE4D5800AC09A7 /* Release */,
			);
			defaultConfigurationIsVisible = 0;
			defaultConfigurationName = Release;
		};
/* End XCConfigurationList section */

/* Begin XCVersionGroup section */
		B0479A8221EDE4C100AC09A7 /* Item.xcdatamodeld */ = {
			isa = XCVersionGroup;
			children = (
				B0479A8321EDE4C200AC09A7 /* Item.xcdatamodel */,
			);
			currentVersion = B0479A8321EDE4C200AC09A7 /* Item.xcdatamodel */;
			path = Item.xcdatamodeld;
			sourceTree = "<group>";
			versionGroupType = wrapper.xcdatamodel;
		};
/* End XCVersionGroup section */
	};
	rootObject = B0479A3921DE4D5500AC09A7 /* Project object */;
}
