// !$*UTF8*$!
{
	archiveVersion = 1;
	classes = {
	};
	objectVersion = 50;
	objects = {

/* Begin PBXBuildFile section */
		B0479A4521DE4D5500AC09A7 /* AppDelegate.swift in Sources */ = {isa = PBXBuildFile; fileRef = B0479A4421DE4D5500AC09A7 /* AppDelegate.swift */; };
		B0479A4C21DE4D5800AC09A7 /* Assets.xcassets in Resources */ = {isa = PBXBuildFile; fileRef = B0479A4B21DE4D5800AC09A7 /* Assets.xcassets */; };
		B0479A4F21DE4D5800AC09A7 /* LaunchScreen.storyboard in Resources */ = {isa = PBXBuildFile; fileRef = B0479A4D21DE4D5800AC09A7 /* LaunchScreen.storyboard */; };
		B0479A5721DE528600AC09A7 /* CustomTabBarController.swift in Sources */ = {isa = PBXBuildFile; fileRef = B0479A5621DE528600AC09A7 /* CustomTabBarController.swift */; };
		B0479A5B21DE539B00AC09A7 /* WorckingOutTableTableViewController.swift in Sources */ = {isa = PBXBuildFile; fileRef = B0479A5A21DE539B00AC09A7 /* WorckingOutTableTableViewController.swift */; };
		B0479A5D21DE553600AC09A7 /* WorkingOutProgrammCell.swift in Sources */ = {isa = PBXBuildFile; fileRef = B0479A5C21DE553600AC09A7 /* WorkingOutProgrammCell.swift */; };
		B0479A6221DE564E00AC09A7 /* Default-568h@2x.png in Resources */ = {isa = PBXBuildFile; fileRef = B0479A6121DE564E00AC09A7 /* Default-568h@2x.png */; };
		B0479A6421DEAE7100AC09A7 /* Extetions +UIView.swift in Sources */ = {isa = PBXBuildFile; fileRef = B0479A6321DEAE7100AC09A7 /* Extetions +UIView.swift */; };
		B0479A6C21E2136700AC09A7 /* Protocols.swift in Sources */ = {isa = PBXBuildFile; fileRef = B0479A6B21E2136700AC09A7 /* Protocols.swift */; };
		B0479A7021E282DC00AC09A7 /* Item.swift in Sources */ = {isa = PBXBuildFile; fileRef = B0479A6F21E282DC00AC09A7 /* Item.swift */; };
		B0479A7221E3485C00AC09A7 /* AddNewExCollectionViewController.swift in Sources */ = {isa = PBXBuildFile; fileRef = B0479A7121E3485C00AC09A7 /* AddNewExCollectionViewController.swift */; };
		B0479A7421E34BD900AC09A7 /* AddNewExCollectionViewCell.swift in Sources */ = {isa = PBXBuildFile; fileRef = B0479A7321E34BD900AC09A7 /* AddNewExCollectionViewCell.swift */; };
		B0479A7621E36C5700AC09A7 /* InfoViewController.swift in Sources */ = {isa = PBXBuildFile; fileRef = B0479A7521E36C5700AC09A7 /* InfoViewController.swift */; };
		B0479A7821E6103700AC09A7 /* CommentedCode.swift in Sources */ = {isa = PBXBuildFile; fileRef = B0479A7721E6103700AC09A7 /* CommentedCode.swift */; };
		B0479A7A21E61CFA00AC09A7 /* excercises.json in Resources */ = {isa = PBXBuildFile; fileRef = B0479A7921E61CFA00AC09A7 /* excercises.json */; };
		B0479A7C21E61DBC00AC09A7 /* LocalJson.swift in Sources */ = {isa = PBXBuildFile; fileRef = B0479A7B21E61DBC00AC09A7 /* LocalJson.swift */; };
		B0479A8121E9EDD600AC09A7 /* MainViewController.swift in Sources */ = {isa = PBXBuildFile; fileRef = B0479A8021E9EDD600AC09A7 /* MainViewController.swift */; };
		B0479A8421EDE4C200AC09A7 /* Item.xcdatamodeld in Sources */ = {isa = PBXBuildFile; fileRef = B0479A8221EDE4C100AC09A7 /* Item.xcdatamodeld */; };
		B0479A8721EDE6F000AC09A7 /* Item+CoreDataClass.swift in Sources */ = {isa = PBXBuildFile; fileRef = B0479A8521EDE6F000AC09A7 /* Item+CoreDataClass.swift */; };
		B0479A8821EDE6F000AC09A7 /* Item+CoreDataProperties.swift in Sources */ = {isa = PBXBuildFile; fileRef = B0479A8621EDE6F000AC09A7 /* Item+CoreDataProperties.swift */; };
		B0479A8A21EE1EF300AC09A7 /* CreateNewExerciseViewController.swift in Sources */ = {isa = PBXBuildFile; fileRef = B0479A8921EE1EF300AC09A7 /* CreateNewExerciseViewController.swift */; };
/* End PBXBuildFile section */

/* Begin PBXFileReference section */
		B0479A4121DE4D5500AC09A7 /* workingOutApp.app */ = {isa = PBXFileReference; explicitFileType = wrapper.application; includeInIndex = 0; path = workingOutApp.app; sourceTree = BUILT_PRODUCTS_DIR; };
		B0479A4421DE4D5500AC09A7 /* AppDelegate.swift */ = {isa = PBXFileReference; lastKnownFileType = sourcecode.swift; path = AppDelegate.swift; sourceTree = "<group>"; };
		B0479A4B21DE4D5800AC09A7 /* Assets.xcassets */ = {isa = PBXFileReference; lastKnownFileType = folder.assetcatalog; path = Assets.xcassets; sourceTree = "<group>"; };
		B0479A4E21DE4D5800AC09A7 /* Base */ = {isa = PBXFileReference; lastKnownFileType = file.storyboard; name = Base; path = Base.lproj/LaunchScreen.storyboard; sourceTree = "<group>"; };
		B0479A5621DE528600AC09A7 /* CustomTabBarController.swift */ = {isa = PBXFileReference; lastKnownFileType = sourcecode.swift; path = CustomTabBarController.swift; sourceTree = "<group>"; };
		B0479A5A21DE539B00AC09A7 /* WorckingOutTableTableViewController.swift */ = {isa = PBXFileReference; lastKnownFileType = sourcecode.swift; path = WorckingOutTableTableViewController.swift; sourceTree = "<group>"; };
		B0479A5C21DE553600AC09A7 /* WorkingOutProgrammCell.swift */ = {isa = PBXFileReference; lastKnownFileType = sourcecode.swift; path = WorkingOutProgrammCell.swift; sourceTree = "<group>"; };
		B0479A6121DE564E00AC09A7 /* Default-568h@2x.png */ = {isa = PBXFileReference; lastKnownFileType = image.png; path = "Default-568h@2x.png"; sourceTree = "<group>"; };
		B0479A6321DEAE7100AC09A7 /* Extetions +UIView.swift */ = {isa = PBXFileReference; lastKnownFileType = sourcecode.swift; path = "Extetions +UIView.swift"; sourceTree = "<group>"; };
		B0479A6B21E2136700AC09A7 /* Protocols.swift */ = {isa = PBXFileReference; lastKnownFileType = sourcecode.swift; path = Protocols.swift; sourceTree = "<group>"; };
		B0479A6F21E282DC00AC09A7 /* Item.swift */ = {isa = PBXFileReference; lastKnownFileType = sourcecode.swift; path = Item.swift; sourceTree = "<group>"; };
		B0479A7121E3485C00AC09A7 /* AddNewExCollectionViewController.swift */ = {isa = PBXFileReference; lastKnownFileType = sourcecode.swift; path = AddNewExCollectionViewController.swift; sourceTree = "<group>"; };
		B0479A7321E34BD900AC09A7 /* AddNewExCollectionViewCell.swift */ = {isa = PBXFileReference; lastKnownFileType = sourcecode.swift; path = AddNewExCollectionViewCell.swift; sourceTree = "<group>"; };
		B0479A7521E36C5700AC09A7 /* InfoViewController.swift */ = {isa = PBXFileReference; lastKnownFileType = sourcecode.swift; path = InfoViewController.swift; sourceTree = "<group>"; };
		B0479A7721E6103700AC09A7 /* CommentedCode.swift */ = {isa = PBXFileReference; lastKnownFileType = sourcecode.swift; path = CommentedCode.swift; sourceTree = "<group>"; };
		B0479A7921E61CFA00AC09A7 /* excercises.json */ = {isa = PBXFileReference; fileEncoding = 4; lastKnownFileType = text.json; name = excercises.json; path = workingOutApp/excercises.json; sourceTree = SOURCE_ROOT; };
		B0479A7B21E61DBC00AC09A7 /* LocalJson.swift */ = {isa = PBXFileReference; lastKnownFileType = sourcecode.swift; path = LocalJson.swift; sourceTree = "<group>"; };
		B0479A7D21E6978700AC09A7 /* Info.plist */ = {isa = PBXFileReference; fileEncoding = 4; lastKnownFileType = text.plist.xml; path = Info.plist; sourceTree = "<group>"; };
		B0479A8021E9EDD600AC09A7 /* MainViewController.swift */ = {isa = PBXFileReference; lastKnownFileType = sourcecode.swift; path = MainViewController.swift; sourceTree = "<group>"; };
		B0479A8321EDE4C200AC09A7 /* Item.xcdatamodel */ = {isa = PBXFileReference; lastKnownFileType = wrapper.xcdatamodel; path = Item.xcdatamodel; sourceTree = "<group>"; };
		B0479A8521EDE6F000AC09A7 /* Item+CoreDataClass.swift */ = {isa = PBXFileReference; lastKnownFileType = sourcecode.swift; path = "Item+CoreDataClass.swift"; sourceTree = "<group>"; };
		B0479A8621EDE6F000AC09A7 /* Item+CoreDataProperties.swift */ = {isa = PBXFileReference; lastKnownFileType = sourcecode.swift; path = "Item+CoreDataProperties.swift"; sourceTree = "<group>"; };
		B0479A8921EE1EF300AC09A7 /* CreateNewExerciseViewController.swift */ = {isa = PBXFileReference; lastKnownFileType = sourcecode.swift; path = CreateNewExerciseViewController.swift; sourceTree = "<group>"; };
/* End PBXFileReference section */

/* Begin PBXFrameworksBuildPhase section */
		B0479A3E21DE4D5500AC09A7 /* Frameworks */ = {
			isa = PBXFrameworksBuildPhase;
			buildActionMask = 2147483647;
			files = (
			);
			runOnlyForDeploymentPostprocessing = 0;
		};
/* End PBXFrameworksBuildPhase section */

/* Begin PBXGroup section */
		B0479A3821DE4D5500AC09A7 = {
			isa = PBXGroup;
			children = (
				B0479A8521EDE6F000AC09A7 /* Item+CoreDataClass.swift */,
				B0479A8621EDE6F000AC09A7 /* Item+CoreDataProperties.swift */,
				B0479A6121DE564E00AC09A7 /* Default-568h@2x.png */,
				B0479A4321DE4D5500AC09A7 /* workingOutApp */,
				B0479A4221DE4D5500AC09A7 /* Products */,
			);
			sourceTree = "<group>";
		};
		B0479A4221DE4D5500AC09A7 /* Products */ = {
			isa = PBXGroup;
			children = (
				B0479A4121DE4D5500AC09A7 /* workingOutApp.app */,
			);
			name = Products;
			sourceTree = "<group>";
		};
		B0479A4321DE4D5500AC09A7 /* workingOutApp */ = {
			isa = PBXGroup;
			children = (
				B0479A7921E61CFA00AC09A7 /* excercises.json */,
				B0479A7D21E6978700AC09A7 /* Info.plist */,
				B0479A6721E0A42900AC09A7 /* Models */,
				B0479A5F21DE558500AC09A7 /* ViewControllers */,
				B0479A6021DE559500AC09A7 /* Cells */,
				B0479A5E21DE555900AC09A7 /* tools */,
				B0479A6321DEAE7100AC09A7 /* Extetions +UIView.swift */,
			);
			path = workingOutApp;
			sourceTree = "<group>";
		};
		B0479A5E21DE555900AC09A7 /* tools */ = {
			isa = PBXGroup;
			children = (
				B0479A4421DE4D5500AC09A7 /* AppDelegate.swift */,
				B0479A4B21DE4D5800AC09A7 /* Assets.xcassets */,
				B0479A4D21DE4D5800AC09A7 /* LaunchScreen.storyboard */,
				B0479A6B21E2136700AC09A7 /* Protocols.swift */,
				B0479A7721E6103700AC09A7 /* CommentedCode.swift */,
			);
			path = tools;
			sourceTree = "<group>";
		};
		B0479A5F21DE558500AC09A7 /* ViewControllers */ = {
			isa = PBXGroup;
			children = (
				B0479A5621DE528600AC09A7 /* CustomTabBarController.swift */,
				B0479A8021E9EDD600AC09A7 /* MainViewController.swift */,
				B0479A5A21DE539B00AC09A7 /* WorckingOutTableTableViewController.swift */,
				B0479A8921EE1EF300AC09A7 /* CreateNewExerciseViewController.swift */,
				B0479A7121E3485C00AC09A7 /* AddNewExCollectionViewController.swift */,
				B0479A7521E36C5700AC09A7 /* InfoViewController.swift */,
			);
			path = ViewControllers;
			sourceTree = "<group>";
		};
		B0479A6021DE559500AC09A7 /* Cells */ = {
			isa = PBXGroup;
			children = (
				B0479A5C21DE553600AC09A7 /* WorkingOutProgrammCell.swift */,
				B0479A7321E34BD900AC09A7 /* AddNewExCollectionViewCell.swift */,
			);
			path = Cells;
			sourceTree = "<group>";
		};
		B0479A6721E0A42900AC09A7 /* Models */ = {
			isa = PBXGroup;
			children = (
				B0479A6F21E282DC00AC09A7 /* Item.swift */,
				B0479A7B21E61DBC00AC09A7 /* LocalJson.swift */,
				B0479A8221EDE4C100AC09A7 /* Item.xcdatamodeld */,
			);
			path = Models;
			sourceTree = "<group>";
		};
/* End PBXGroup section */

/* Begin PBXNativeTarget section */
		B0479A4021DE4D5500AC09A7 /* workingOutApp */ = {
			isa = PBXNativeTarget;
			buildConfigurationList = B0479A5321DE4D5800AC09A7 /* Build configuration list for PBXNativeTarget "workingOutApp" */;
			buildPhases = (
				B0479A3D21DE4D5500AC09A7 /* Sources */,
				B0479A3E21DE4D5500AC09A7 /* Frameworks */,
				B0479A3F21DE4D5500AC09A7 /* Resources */,
			);
			buildRules = (
			);
			dependencies = (
			);
			name = workingOutApp;
			productName = workingOutApp;
			productReference = B0479A4121DE4D5500AC09A7 /* workingOutApp.app */;
			productType = "com.apple.product-type.application";
		};
/* End PBXNativeTarget section */

/* Begin PBXProject section */
		B0479A3921DE4D5500AC09A7 /* Project object */ = {
			isa = PBXProject;
			attributes = {
				LastSwiftUpdateCheck = 1010;
				LastUpgradeCheck = 1010;
				ORGANIZATIONNAME = "Rusłan Chamski";
				TargetAttributes = {
					B0479A4021DE4D5500AC09A7 = {
						CreatedOnToolsVersion = 10.1;
					};
				};
			};
			buildConfigurationList = B0479A3C21DE4D5500AC09A7 /* Build configuration list for PBXProject "workingOutApp" */;
			compatibilityVersion = "Xcode 9.3";
			developmentRegion = en;
			hasScannedForEncodings = 0;
			knownRegions = (
				en,
				Base,
			);
			mainGroup = B0479A3821DE4D5500AC09A7;
			productRefGroup = B0479A4221DE4D5500AC09A7 /* Products */;
			projectDirPath = "";
			projectRoot = "";
			targets = (
				B0479A4021DE4D5500AC09A7 /* workingOutApp */,
			);
		};
/* End PBXProject section */

/* Begin PBXResourcesBuildPhase section */
		B0479A3F21DE4D5500AC09A7 /* Resources */ = {
			isa = PBXResourcesBuildPhase;
			buildActionMask = 2147483647;
			files = (
				B0479A4F21DE4D5800AC09A7 /* LaunchScreen.storyboard in Resources */,
				B0479A7A21E61CFA00AC09A7 /* excercises.json in Resources */,
				B0479A4C21DE4D5800AC09A7 /* Assets.xcassets in Resources */,
				B0479A6221DE564E00AC09A7 /* Default-568h@2x.png in Resources */,
			);
			runOnlyForDeploymentPostprocessing = 0;
		};
/* End PBXResourcesBuildPhase section */

/* Begin PBXSourcesBuildPhase section */
		B0479A3D21DE4D5500AC09A7 /* Sources */ = {
			isa = PBXSourcesBuildPhase;
			buildActionMask = 2147483647;
			files = (
				B0479A7421E34BD900AC09A7 /* AddNewExCollectionViewCell.swift in Sources */,
				B0479A7621E36C5700AC09A7 /* InfoViewController.swift in Sources */,
				B0479A4521DE4D5500AC09A7 /* AppDelegate.swift in Sources */,
				B0479A5D21DE553600AC09A7 /* WorkingOutProgrammCell.swift in Sources */,
				B0479A6C21E2136700AC09A7 /* Protocols.swift in Sources */,
				B0479A7821E6103700AC09A7 /* CommentedCode.swift in Sources */,
				B0479A8A21EE1EF300AC09A7 /* CreateNewExerciseViewController.swift in Sources */,
				B0479A8721EDE6F000AC09A7 /* Item+CoreDataClass.swift in Sources */,
				B0479A7C21E61DBC00AC09A7 /* LocalJson.swift in Sources */,
				B0479A8421EDE4C200AC09A7 /* Item.xcdatamodeld in Sources */,
				B0479A8121E9EDD600AC09A7 /* MainViewController.swift in Sources */,
				B0479A7021E282DC00AC09A7 /* Item.swift in Sources */,
				B0479A7221E3485C00AC09A7 /* AddNewExCollectionViewController.swift in Sources */,
				B0479A5721DE528600AC09A7 /* CustomTabBarController.swift in Sources */,
				B0479A5B21DE539B00AC09A7 /* WorckingOutTableTableViewController.swift in Sources */,
				B0479A8821EDE6F000AC09A7 /* Item+CoreDataProperties.swift in Sources */,
				B0479A6421DEAE7100AC09A7 /* Extetions +UIView.swift in Sources */,
			);
			runOnlyForDeploymentPostprocessing = 0;
		};
/* End PBXSourcesBuildPhase section */

/* Begin PBXVariantGroup section */
		B0479A4D21DE4D5800AC09A7 /* LaunchScreen.storyboard */ = {
			isa = PBXVariantGroup;
			children = (
				B0479A4E21DE4D5800AC09A7 /* Base */,
			);
			name = LaunchScreen.storyboard;
			sourceTree = "<group>";
		};
/* End PBXVariantGroup section */

/* Begin XCBuildConfiguration section */
		B0479A5121DE4D5800AC09A7 /* Debug */ = {
			isa = XCBuildConfiguration;
			buildSettings = {
				ALWAYS_SEARCH_USER_PATHS = NO;
				CLANG_ANALYZER_NONNULL = YES;
				CLANG_ANALYZER_NUMBER_OBJECT_CONVERSION = YES_AGGRESSIVE;
				CLANG_CXX_LANGUAGE_STANDARD = "gnu++14";
				CLANG_CXX_LIBRARY = "libc++";
				CLANG_ENABLE_MODULES = YES;
				CLANG_ENABLE_OBJC_ARC = YES;
				CLANG_ENABLE_OBJC_WEAK = YES;
				CLANG_WARN_BLOCK_CAPTURE_AUTORELEASING = YES;
				CLANG_WARN_BOOL_CONVERSION = YES;
				CLANG_WARN_COMMA = YES;
				CLANG_WARN_CONSTANT_CONVERSION = YES;
				CLANG_WARN_DEPRECATED_OBJC_IMPLEMENTATIONS = YES;
				CLANG_WARN_DIRECT_OBJC_ISA_USAGE = YES_ERROR;
				CLANG_WARN_DOCUMENTATION_COMMENTS = YES;
				CLANG_WARN_EMPTY_BODY = YES;
				CLANG_WARN_ENUM_CONVERSION = YES;
				CLANG_WARN_INFINITE_RECURSION = YES;
				CLANG_WARN_INT_CONVERSION = YES;
				CLANG_WARN_NON_LITERAL_NULL_CONVERSION = YES;
				CLANG_WARN_OBJC_IMPLICIT_RETAIN_SELF = YES;
				CLANG_WARN_OBJC_LITERAL_CONVERSION = YES;
				CLANG_WARN_OBJC_ROOT_CLASS = YES_ERROR;
				CLANG_WARN_RANGE_LOOP_ANALYSIS = YES;
				CLANG_WARN_STRICT_PROTOTYPES = YES;
				CLANG_WARN_SUSPICIOUS_MOVE = YES;
				CLANG_WARN_UNGUARDED_AVAILABILITY = YES_AGGRESSIVE;
				CLANG_WARN_UNREACHABLE_CODE = YES;
				CLANG_WARN__DUPLICATE_METHOD_MATCH = YES;
				CODE_SIGN_IDENTITY = "iPhone Developer";
				COPY_PHASE_STRIP = NO;
				DEBUG_INFORMATION_FORMAT = dwarf;
				ENABLE_STRICT_OBJC_MSGSEND = YES;
				ENABLE_TESTABILITY = YES;
				GCC_C_LANGUAGE_STANDARD = gnu11;
				GCC_DYNAMIC_NO_PIC = NO;
				GCC_NO_COMMON_BLOCKS = YES;
				GCC_OPTIMIZATION_LEVEL = 0;
				GCC_PREPROCESSOR_DEFINITIONS = (
					"DEBUG=1",
					"$(inherited)",
				);
				GCC_WARN_64_TO_32_BIT_CONVERSION = YES;
				GCC_WARN_ABOUT_RETURN_TYPE = YES_ERROR;
				GCC_WARN_UNDECLARED_SELECTOR = YES;
				GCC_WARN_UNINITIALIZED_AUTOS = YES_AGGRESSIVE;
				GCC_WARN_UNUSED_FUNCTION = YES;
				GCC_WARN_UNUSED_VARIABLE = YES;
				IPHONEOS_DEPLOYMENT_TARGET = 12.1;
				MTL_ENABLE_DEBUG_INFO = INCLUDE_SOURCE;
				MTL_FAST_MATH = YES;
				ONLY_ACTIVE_ARCH = YES;
				SDKROOT = iphoneos;
				SWIFT_ACTIVE_COMPILATION_CONDITIONS = DEBUG;
				SWIFT_OPTIMIZATION_LEVEL = "-Onone";
			};
			name = Debug;
		};
		B0479A5221DE4D5800AC09A7 /* Release */ = {
			isa = XCBuildConfiguration;
			buildSettings = {
				ALWAYS_SEARCH_USER_PATHS = NO;
				CLANG_ANALYZER_NONNULL = YES;
				CLANG_ANALYZER_NUMBER_OBJECT_CONVERSION = YES_AGGRESSIVE;
				CLANG_CXX_LANGUAGE_STANDARD = "gnu++14";
				CLANG_CXX_LIBRARY = "libc++";
				CLANG_ENABLE_MODULES = YES;
				CLANG_ENABLE_OBJC_ARC = YES;
				CLANG_ENABLE_OBJC_WEAK = YES;
				CLANG_WARN_BLOCK_CAPTURE_AUTORELEASING = YES;
				CLANG_WARN_BOOL_CONVERSION = YES;
				CLANG_WARN_COMMA = YES;
				CLANG_WARN_CONSTANT_CONVERSION = YES;
				CLANG_WARN_DEPRECATED_OBJC_IMPLEMENTATIONS = YES;
				CLANG_WARN_DIRECT_OBJC_ISA_USAGE = YES_ERROR;
				CLANG_WARN_DOCUMENTATION_COMMENTS = YES;
				CLANG_WARN_EMPTY_BODY = YES;
				CLANG_WARN_ENUM_CONVERSION = YES;
				CLANG_WARN_INFINITE_RECURSION = YES;
				CLANG_WARN_INT_CONVERSION = YES;
				CLANG_WARN_NON_LITERAL_NULL_CONVERSION = YES;
				CLANG_WARN_OBJC_IMPLICIT_RETAIN_SELF = YES;
				CLANG_WARN_OBJC_LITERAL_CONVERSION = YES;
				CLANG_WARN_OBJC_ROOT_CLASS = YES_ERROR;
				CLANG_WARN_RANGE_LOOP_ANALYSIS = YES;
				CLANG_WARN_STRICT_PROTOTYPES = YES;
				CLANG_WARN_SUSPICIOUS_MOVE = YES;
				CLANG_WARN_UNGUARDED_AVAILABILITY = YES_AGGRESSIVE;
				CLANG_WARN_UNREACHABLE_CODE = YES;
				CLANG_WARN__DUPLICATE_METHOD_MATCH = YES;
				CODE_SIGN_IDENTITY = "iPhone Developer";
				COPY_PHASE_STRIP = NO;
				DEBUG_INFORMATION_FORMAT = "dwarf-with-dsym";
				ENABLE_NS_ASSERTIONS = NO;
				ENABLE_STRICT_OBJC_MSGSEND = YES;
				GCC_C_LANGUAGE_STANDARD = gnu11;
				GCC_NO_COMMON_BLOCKS = YES;
				GCC_WARN_64_TO_32_BIT_CONVERSION = YES;
				GCC_WARN_ABOUT_RETURN_TYPE = YES_ERROR;
				GCC_WARN_UNDECLARED_SELECTOR = YES;
				GCC_WARN_UNINITIALIZED_AUTOS = YES_AGGRESSIVE;
				GCC_WARN_UNUSED_FUNCTION = YES;
				GCC_WARN_UNUSED_VARIABLE = YES;
				IPHONEOS_DEPLOYMENT_TARGET = 12.1;
				MTL_ENABLE_DEBUG_INFO = NO;
				MTL_FAST_MATH = YES;
				SDKROOT = iphoneos;
				SWIFT_COMPILATION_MODE = wholemodule;
				SWIFT_OPTIMIZATION_LEVEL = "-O";
				VALIDATE_PRODUCT = YES;
			};
			name = Release;
		};
		B0479A5421DE4D5800AC09A7 /* Debug */ = {
			isa = XCBuildConfiguration;
			buildSettings = {
				ASSETCATALOG_COMPILER_APPICON_NAME = AppIcon;
				CODE_SIGN_STYLE = Automatic;
				DEVELOPMENT_TEAM = LW7SUQMXTU;
				INFOPLIST_FILE = workingOutApp/Info.plist;
				LD_RUNPATH_SEARCH_PATHS = (
					"$(inherited)",
					"@executable_path/Frameworks",
				);
				PRODUCT_BUNDLE_IDENTIFIER = com.quest.xamchuk.workingOutApp;
				PRODUCT_NAME = "$(TARGET_NAME)";
				SWIFT_VERSION = 4.2;
				TARGETED_DEVICE_FAMILY = "1,2";
			};
			name = Debug;
		};
		B0479A5521DE4D5800AC09A7 /* Release */ = {
			isa = XCBuildConfiguration;
			buildSettings = {
				ASSETCATALOG_COMPILER_APPICON_NAME = AppIcon;
				CODE_SIGN_STYLE = Automatic;
				DEVELOPMENT_TEAM = LW7SUQMXTU;
				INFOPLIST_FILE = workingOutApp/Info.plist;
				LD_RUNPATH_SEARCH_PATHS = (
					"$(inherited)",
					"@executable_path/Frameworks",
				);
				PRODUCT_BUNDLE_IDENTIFIER = com.quest.xamchuk.workingOutApp;
				PRODUCT_NAME = "$(TARGET_NAME)";
				SWIFT_VERSION = 4.2;
				TARGETED_DEVICE_FAMILY = "1,2";
			};
			name = Release;
		};
/* End XCBuildConfiguration section */

/* Begin XCConfigurationList section */
		B0479A3C21DE4D5500AC09A7 /* Build configuration list for PBXProject "workingOutApp" */ = {
			isa = XCConfigurationList;
			buildConfigurations = (
				B0479A5121DE4D5800AC09A7 /* Debug */,
				B0479A5221DE4D5800AC09A7 /* Release */,
			);
			defaultConfigurationIsVisible = 0;
			defaultConfigurationName = Release;
		};
		B0479A5321DE4D5800AC09A7 /* Build configuration list for PBXNativeTarget "workingOutApp" */ = {
			isa = XCConfigurationList;
			buildConfigurations = (
				B0479A5421DE4D5800AC09A7 /* Debug */,
				B0479A5521DE4D5800AC09A7 /* Release */,
			);
			defaultConfigurationIsVisible = 0;
			defaultConfigurationName = Release;
		};
/* End XCConfigurationList section */

/* Begin XCVersionGroup section */
		B0479A8221EDE4C100AC09A7 /* Item.xcdatamodeld */ = {
			isa = XCVersionGroup;
			children = (
				B0479A8321EDE4C200AC09A7 /* Item.xcdatamodel */,
			);
			currentVersion = B0479A8321EDE4C200AC09A7 /* Item.xcdatamodel */;
			path = Item.xcdatamodeld;
			sourceTree = "<group>";
			versionGroupType = wrapper.xcdatamodel;
		};
/* End XCVersionGroup section */
	};
	rootObject = B0479A3921DE4D5500AC09A7 /* Project object */;
}
